// !$*UTF8*$!
{
	archiveVersion = 1;
	classes = {
	};
	objectVersion = 48;
	objects = {

/* Begin PBXBuildFile section */
		834D04902052946500EF4FA2 /* AppDelegate.swift in Sources */ = {isa = PBXBuildFile; fileRef = 834D048F2052946500EF4FA2 /* AppDelegate.swift */; };
		834D04922052946500EF4FA2 /* FirstViewController.swift in Sources */ = {isa = PBXBuildFile; fileRef = 834D04912052946500EF4FA2 /* FirstViewController.swift */; };
		834D04942052946500EF4FA2 /* SecondViewController.swift in Sources */ = {isa = PBXBuildFile; fileRef = 834D04932052946500EF4FA2 /* SecondViewController.swift */; };
		834D04972052946500EF4FA2 /* Main.storyboard in Resources */ = {isa = PBXBuildFile; fileRef = 834D04952052946500EF4FA2 /* Main.storyboard */; };
		834D04992052946500EF4FA2 /* Assets.xcassets in Resources */ = {isa = PBXBuildFile; fileRef = 834D04982052946500EF4FA2 /* Assets.xcassets */; };
		834D049C2052946500EF4FA2 /* LaunchScreen.storyboard in Resources */ = {isa = PBXBuildFile; fileRef = 834D049A2052946500EF4FA2 /* LaunchScreen.storyboard */; };
		834D04A4205295C000EF4FA2 /* bigViewController.swift in Sources */ = {isa = PBXBuildFile; fileRef = 834D04A3205295C000EF4FA2 /* bigViewController.swift */; };
/* End PBXBuildFile section */

/* Begin PBXFileReference section */
		834D048C2052946500EF4FA2 /* awesrdfghjk.app */ = {isa = PBXFileReference; explicitFileType = wrapper.application; includeInIndex = 0; path = awesrdfghjk.app; sourceTree = BUILT_PRODUCTS_DIR; };
		834D048F2052946500EF4FA2 /* AppDelegate.swift */ = {isa = PBXFileReference; lastKnownFileType = sourcecode.swift; path = AppDelegate.swift; sourceTree = "<group>"; };
		834D04912052946500EF4FA2 /* FirstViewController.swift */ = {isa = PBXFileReference; lastKnownFileType = sourcecode.swift; path = FirstViewController.swift; sourceTree = "<group>"; };
		834D04932052946500EF4FA2 /* SecondViewController.swift */ = {isa = PBXFileReference; lastKnownFileType = sourcecode.swift; path = SecondViewController.swift; sourceTree = "<group>"; };
		834D04962052946500EF4FA2 /* Base */ = {isa = PBXFileReference; lastKnownFileType = file.storyboard; name = Base; path = Base.lproj/Main.storyboard; sourceTree = "<group>"; };
		834D04982052946500EF4FA2 /* Assets.xcassets */ = {isa = PBXFileReference; lastKnownFileType = folder.assetcatalog; path = Assets.xcassets; sourceTree = "<group>"; };
		834D049B2052946500EF4FA2 /* Base */ = {isa = PBXFileReference; lastKnownFileType = file.storyboard; name = Base; path = Base.lproj/LaunchScreen.storyboard; sourceTree = "<group>"; };
		834D049D2052946500EF4FA2 /* Info.plist */ = {isa = PBXFileReference; lastKnownFileType = text.plist.xml; path = Info.plist; sourceTree = "<group>"; };
		834D04A3205295C000EF4FA2 /* bigViewController.swift */ = {isa = PBXFileReference; lastKnownFileType = sourcecode.swift; path = bigViewController.swift; sourceTree = "<group>"; };
/* End PBXFileReference section */

/* Begin PBXFrameworksBuildPhase section */
		834D04892052946500EF4FA2 /* Frameworks */ = {
			isa = PBXFrameworksBuildPhase;
			buildActionMask = 2147483647;
			files = (
			);
			runOnlyForDeploymentPostprocessing = 0;
		};
/* End PBXFrameworksBuildPhase section */

/* Begin PBXGroup section */
		834D04832052946500EF4FA2 = {
			isa = PBXGroup;
			children = (
				834D048E2052946500EF4FA2 /* awesrdfghjk */,
				834D048D2052946500EF4FA2 /* Products */,
			);
			sourceTree = "<group>";
		};
		834D048D2052946500EF4FA2 /* Products */ = {
			isa = PBXGroup;
			children = (
				834D048C2052946500EF4FA2 /* awesrdfghjk.app */,
			);
			name = Products;
			sourceTree = "<group>";
		};
		834D048E2052946500EF4FA2 /* awesrdfghjk */ = {
			isa = PBXGroup;
			children = (
				834D048F2052946500EF4FA2 /* AppDelegate.swift */,
				834D04912052946500EF4FA2 /* FirstViewController.swift */,
				834D04932052946500EF4FA2 /* SecondViewController.swift */,
				834D04952052946500EF4FA2 /* Main.storyboard */,
				834D04982052946500EF4FA2 /* Assets.xcassets */,
				834D049A2052946500EF4FA2 /* LaunchScreen.storyboard */,
				834D049D2052946500EF4FA2 /* Info.plist */,
				834D04A3205295C000EF4FA2 /* bigViewController.swift */,
			);
			path = awesrdfghjk;
			sourceTree = "<group>";
		};
/* End PBXGroup section */

/* Begin PBXNativeTarget section */
		834D048B2052946500EF4FA2 /* awesrdfghjk */ = {
			isa = PBXNativeTarget;
			buildConfigurationList = 834D04A02052946500EF4FA2 /* Build configuration list for PBXNativeTarget "awesrdfghjk" */;
			buildPhases = (
				834D04882052946500EF4FA2 /* Sources */,
				834D04892052946500EF4FA2 /* Frameworks */,
				834D048A2052946500EF4FA2 /* Resources */,
			);
			buildRules = (
			);
			dependencies = (
			);
			name = awesrdfghjk;
			productName = awesrdfghjk;
			productReference = 834D048C2052946500EF4FA2 /* awesrdfghjk.app */;
			productType = "com.apple.product-type.application";
		};
/* End PBXNativeTarget section */

/* Begin PBXProject section */
		834D04842052946500EF4FA2 /* Project object */ = {
			isa = PBXProject;
			attributes = {
				LastSwiftUpdateCheck = 0920;
				LastUpgradeCheck = 0920;
				ORGANIZATIONNAME = issd;
				TargetAttributes = {
					834D048B2052946500EF4FA2 = {
						CreatedOnToolsVersion = 9.2;
						ProvisioningStyle = Automatic;
					};
				};
			};
			buildConfigurationList = 834D04872052946500EF4FA2 /* Build configuration list for PBXProject "awesrdfghjk" */;
			compatibilityVersion = "Xcode 8.0";
			developmentRegion = en;
			hasScannedForEncodings = 0;
			knownRegions = (
				en,
				Base,
			);
			mainGroup = 834D04832052946500EF4FA2;
			productRefGroup = 834D048D2052946500EF4FA2 /* Products */;
			projectDirPath = "";
			projectRoot = "";
			targets = (
				834D048B2052946500EF4FA2 /* awesrdfghjk */,
			);
		};
/* End PBXProject section */

/* Begin PBXResourcesBuildPhase section */
		834D048A2052946500EF4FA2 /* Resources */ = {
			isa = PBXResourcesBuildPhase;
			buildActionMask = 2147483647;
			files = (
				834D049C2052946500EF4FA2 /* LaunchScreen.storyboard in Resources */,
				834D04992052946500EF4FA2 /* Assets.xcassets in Resources */,
				834D04972052946500EF4FA2 /* Main.storyboard in Resources */,
			);
			runOnlyForDeploymentPostprocessing = 0;
		};
/* End PBXResourcesBuildPhase section */

/* Begin PBXSourcesBuildPhase section */
		834D04882052946500EF4FA2 /* Sources */ = {
			isa = PBXSourcesBuildPhase;
			buildActionMask = 2147483647;
			files = (
				834D04942052946500EF4FA2 /* SecondViewController.swift in Sources */,
				834D04902052946500EF4FA2 /* AppDelegate.swift in Sources */,
				834D04922052946500EF4FA2 /* FirstViewController.swift in Sources */,
				834D04A4205295C000EF4FA2 /* bigViewController.swift in Sources */,
			);
			runOnlyForDeploymentPostprocessing = 0;
		};
/* End PBXSourcesBuildPhase section */

/* Begin PBXVariantGroup section */
		834D04952052946500EF4FA2 /* Main.storyboard */ = {
			isa = PBXVariantGroup;
			children = (
				834D04962052946500EF4FA2 /* Base */,
			);
			name = Main.storyboard;
			sourceTree = "<group>";
		};
		834D049A2052946500EF4FA2 /* LaunchScreen.storyboard */ = {
			isa = PBXVariantGroup;
			children = (
				834D049B2052946500EF4FA2 /* Base */,
			);
			name = LaunchScreen.storyboard;
			sourceTree = "<group>";
		};
/* End PBXVariantGroup section */

/* Begin XCBuildConfiguration section */
		834D049E2052946500EF4FA2 /* Debug */ = {
			isa = XCBuildConfiguration;
			buildSettings = {
				ALWAYS_SEARCH_USER_PATHS = NO;
				CLANG_ANALYZER_NONNULL = YES;
				CLANG_ANALYZER_NUMBER_OBJECT_CONVERSION = YES_AGGRESSIVE;
				CLANG_CXX_LANGUAGE_STANDARD = "gnu++14";
				CLANG_CXX_LIBRARY = "libc++";
				CLANG_ENABLE_MODULES = YES;
				CLANG_ENABLE_OBJC_ARC = YES;
				CLANG_WARN_BLOCK_CAPTURE_AUTORELEASING = YES;
				CLANG_WARN_BOOL_CONVERSION = YES;
				CLANG_WARN_COMMA = YES;
				CLANG_WARN_CONSTANT_CONVERSION = YES;
				CLANG_WARN_DIRECT_OBJC_ISA_USAGE = YES_ERROR;
				CLANG_WARN_DOCUMENTATION_COMMENTS = YES;
				CLANG_WARN_EMPTY_BODY = YES;
				CLANG_WARN_ENUM_CONVERSION = YES;
				CLANG_WARN_INFINITE_RECURSION = YES;
				CLANG_WARN_INT_CONVERSION = YES;
				CLANG_WARN_NON_LITERAL_NULL_CONVERSION = YES;
				CLANG_WARN_OBJC_LITERAL_CONVERSION = YES;
				CLANG_WARN_OBJC_ROOT_CLASS = YES_ERROR;
				CLANG_WARN_RANGE_LOOP_ANALYSIS = YES;
				CLANG_WARN_STRICT_PROTOTYPES = YES;
				CLANG_WARN_SUSPICIOUS_MOVE = YES;
				CLANG_WARN_UNGUARDED_AVAILABILITY = YES_AGGRESSIVE;
				CLANG_WARN_UNREACHABLE_CODE = YES;
				CLANG_WARN__DUPLICATE_METHOD_MATCH = YES;
				CODE_SIGN_IDENTITY = "iPhone Developer";
				COPY_PHASE_STRIP = NO;
				DEBUG_INFORMATION_FORMAT = dwarf;
				ENABLE_STRICT_OBJC_MSGSEND = YES;
				ENABLE_TESTABILITY = YES;
				GCC_C_LANGUAGE_STANDARD = gnu11;
				GCC_DYNAMIC_NO_PIC = NO;
				GCC_NO_COMMON_BLOCKS = YES;
				GCC_OPTIMIZATION_LEVEL = 0;
				GCC_PREPROCESSOR_DEFINITIONS = (
					"DEBUG=1",
					"$(inherited)",
				);
				GCC_WARN_64_TO_32_BIT_CONVERSION = YES;
				GCC_WARN_ABOUT_RETURN_TYPE = YES_ERROR;
				GCC_WARN_UNDECLARED_SELECTOR = YES;
				GCC_WARN_UNINITIALIZED_AUTOS = YES_AGGRESSIVE;
				GCC_WARN_UNUSED_FUNCTION = YES;
				GCC_WARN_UNUSED_VARIABLE = YES;
				IPHONEOS_DEPLOYMENT_TARGET = 11.2;
				MTL_ENABLE_DEBUG_INFO = YES;
				ONLY_ACTIVE_ARCH = YES;
				SDKROOT = iphoneos;
				SWIFT_ACTIVE_COMPILATION_CONDITIONS = DEBUG;
				SWIFT_OPTIMIZATION_LEVEL = "-Onone";
			};
			name = Debug;
		};
		834D049F2052946500EF4FA2 /* Release */ = {
			isa = XCBuildConfiguration;
			buildSettings = {
				ALWAYS_SEARCH_USER_PATHS = NO;
				CLANG_ANALYZER_NONNULL = YES;
				CLANG_ANALYZER_NUMBER_OBJECT_CONVERSION = YES_AGGRESSIVE;
				CLANG_CXX_LANGUAGE_STANDARD = "gnu++14";
				CLANG_CXX_LIBRARY = "libc++";
				CLANG_ENABLE_MODULES = YES;
				CLANG_ENABLE_OBJC_ARC = YES;
				CLANG_WARN_BLOCK_CAPTURE_AUTORELEASING = YES;
				CLANG_WARN_BOOL_CONVERSION = YES;
				CLANG_WARN_COMMA = YES;
				CLANG_WARN_CONSTANT_CONVERSION = YES;
				CLANG_WARN_DIRECT_OBJC_ISA_USAGE = YES_ERROR;
				CLANG_WARN_DOCUMENTATION_COMMENTS = YES;
				CLANG_WARN_EMPTY_BODY = YES;
				CLANG_WARN_ENUM_CONVERSION = YES;
				CLANG_WARN_INFINITE_RECURSION = YES;
				CLANG_WARN_INT_CONVERSION = YES;
				CLANG_WARN_NON_LITERAL_NULL_CONVERSION = YES;
				CLANG_WARN_OBJC_LITERAL_CONVERSION = YES;
				CLANG_WARN_OBJC_ROOT_CLASS = YES_ERROR;
				CLANG_WARN_RANGE_LOOP_ANALYSIS = YES;
				CLANG_WARN_STRICT_PROTOTYPES = YES;
				CLANG_WARN_SUSPICIOUS_MOVE = YES;
				CLANG_WARN_UNGUARDED_AVAILABILITY = YES_AGGRESSIVE;
				CLANG_WARN_UNREACHABLE_CODE = YES;
				CLANG_WARN__DUPLICATE_METHOD_MATCH = YES;
				CODE_SIGN_IDENTITY = "iPhone Developer";
				COPY_PHASE_STRIP = NO;
				DEBUG_INFORMATION_FORMAT = "dwarf-with-dsym";
				ENABLE_NS_ASSERTIONS = NO;
				ENABLE_STRICT_OBJC_MSGSEND = YES;
				GCC_C_LANGUAGE_STANDARD = gnu11;
				GCC_NO_COMMON_BLOCKS = YES;
				GCC_WARN_64_TO_32_BIT_CONVERSION = YES;
				GCC_WARN_ABOUT_RETURN_TYPE = YES_ERROR;
				GCC_WARN_UNDECLARED_SELECTOR = YES;
				GCC_WARN_UNINITIALIZED_AUTOS = YES_AGGRESSIVE;
				GCC_WARN_UNUSED_FUNCTION = YES;
				GCC_WARN_UNUSED_VARIABLE = YES;
				IPHONEOS_DEPLOYMENT_TARGET = 11.2;
				MTL_ENABLE_DEBUG_INFO = NO;
				SDKROOT = iphoneos;
				SWIFT_OPTIMIZATION_LEVEL = "-Owholemodule";
				VALIDATE_PRODUCT = YES;
			};
			name = Release;
		};
		834D04A12052946500EF4FA2 /* Debug */ = {
			isa = XCBuildConfiguration;
			buildSettings = {
				ASSETCATALOG_COMPILER_APPICON_NAME = AppIcon;
				CODE_SIGN_STYLE = Automatic;
				INFOPLIST_FILE = awesrdfghjk/Info.plist;
				LD_RUNPATH_SEARCH_PATHS = "$(inherited) @executable_path/Frameworks";
				PRODUCT_BUNDLE_IDENTIFIER = issd.awesrdfghjk;
				PRODUCT_NAME = "$(TARGET_NAME)";
				SWIFT_VERSION = 4.0;
				TARGETED_DEVICE_FAMILY = "1,2";
			};
			name = Debug;
		};
		834D04A22052946500EF4FA2 /* Release */ = {
			isa = XCBuildConfiguration;
			buildSettings = {
				ASSETCATALOG_COMPILER_APPICON_NAME = AppIcon;
				CODE_SIGN_STYLE = Automatic;
				INFOPLIST_FILE = awesrdfghjk/Info.plist;
				LD_RUNPATH_SEARCH_PATHS = "$(inherited) @executable_path/Frameworks";
				PRODUCT_BUNDLE_IDENTIFIER = issd.awesrdfghjk;
				PRODUCT_NAME = "$(TARGET_NAME)";
				SWIFT_VERSION = 4.0;
				TARGETED_DEVICE_FAMILY = "1,2";
			};
			name = Release;
		};
/* End XCBuildConfiguration section */

/* Begin XCConfigurationList section */
		834D04872052946500EF4FA2 /* Build configuration list for PBXProject "awesrdfghjk" */ = {
			isa = XCConfigurationList;
			buildConfigurations = (
				834D049E2052946500EF4FA2 /* Debug */,
				834D049F2052946500EF4FA2 /* Release */,
			);
			defaultConfigurationIsVisible = 0;
			defaultConfigurationName = Release;
		};
		834D04A02052946500EF4FA2 /* Build configuration list for PBXNativeTarget "awesrdfghjk" */ = {
			isa = XCConfigurationList;
			buildConfigurations = (
				834D04A12052946500EF4FA2 /* Debug */,
				834D04A22052946500EF4FA2 /* Release */,
			);
			defaultConfigurationIsVisible = 0;
			defaultConfigurationName = Release;
		};
/* End XCConfigurationList section */
	};
	rootObject = 834D04842052946500EF4FA2 /* Project object */;
}
