// !$*UTF8*$!
{
	archiveVersion = 1;
	classes = {
	};
	objectVersion = 48;
	objects = {

/* Begin PBXBuildFile section */
		831FF5DD205BF1720005C18E /* AppDelegate.swift in Sources */ = {isa = PBXBuildFile; fileRef = 831FF5DC205BF1720005C18E /* AppDelegate.swift */; };
		831FF5DF205BF1720005C18E /* ViewController.swift in Sources */ = {isa = PBXBuildFile; fileRef = 831FF5DE205BF1720005C18E /* ViewController.swift */; };
		831FF5E2205BF1720005C18E /* Main.storyboard in Resources */ = {isa = PBXBuildFile; fileRef = 831FF5E0205BF1720005C18E /* Main.storyboard */; };
		831FF5E4205BF1720005C18E /* Assets.xcassets in Resources */ = {isa = PBXBuildFile; fileRef = 831FF5E3205BF1720005C18E /* Assets.xcassets */; };
		831FF5E7205BF1720005C18E /* LaunchScreen.storyboard in Resources */ = {isa = PBXBuildFile; fileRef = 831FF5E5205BF1720005C18E /* LaunchScreen.storyboard */; };
		831FF5F0205BF71F0005C18E /* MapKit.framework in Frameworks */ = {isa = PBXBuildFile; fileRef = 831FF5EF205BF71F0005C18E /* MapKit.framework */; };
/* End PBXBuildFile section */

/* Begin PBXFileReference section */
		831FF5D9205BF1720005C18E /* Workshop 4.app */ = {isa = PBXFileReference; explicitFileType = wrapper.application; includeInIndex = 0; path = "Workshop 4.app"; sourceTree = BUILT_PRODUCTS_DIR; };
		831FF5DC205BF1720005C18E /* AppDelegate.swift */ = {isa = PBXFileReference; lastKnownFileType = sourcecode.swift; path = AppDelegate.swift; sourceTree = "<group>"; };
		831FF5DE205BF1720005C18E /* ViewController.swift */ = {isa = PBXFileReference; lastKnownFileType = sourcecode.swift; path = ViewController.swift; sourceTree = "<group>"; };
		831FF5E1205BF1720005C18E /* Base */ = {isa = PBXFileReference; lastKnownFileType = file.storyboard; name = Base; path = Base.lproj/Main.storyboard; sourceTree = "<group>"; };
		831FF5E3205BF1720005C18E /* Assets.xcassets */ = {isa = PBXFileReference; lastKnownFileType = folder.assetcatalog; path = Assets.xcassets; sourceTree = "<group>"; };
		831FF5E6205BF1720005C18E /* Base */ = {isa = PBXFileReference; lastKnownFileType = file.storyboard; name = Base; path = Base.lproj/LaunchScreen.storyboard; sourceTree = "<group>"; };
		831FF5E8205BF1720005C18E /* Info.plist */ = {isa = PBXFileReference; lastKnownFileType = text.plist.xml; path = Info.plist; sourceTree = "<group>"; };
		831FF5EF205BF71F0005C18E /* MapKit.framework */ = {isa = PBXFileReference; lastKnownFileType = wrapper.framework; name = MapKit.framework; path = System/Library/Frameworks/MapKit.framework; sourceTree = SDKROOT; };
/* End PBXFileReference section */

/* Begin PBXFrameworksBuildPhase section */
		831FF5D6205BF1720005C18E /* Frameworks */ = {
			isa = PBXFrameworksBuildPhase;
			buildActionMask = 2147483647;
			files = (
				831FF5F0205BF71F0005C18E /* MapKit.framework in Frameworks */,
			);
			runOnlyForDeploymentPostprocessing = 0;
		};
/* End PBXFrameworksBuildPhase section */

/* Begin PBXGroup section */
		831FF5D0205BF1720005C18E = {
			isa = PBXGroup;
			children = (
				831FF5DB205BF1720005C18E /* Workshop 4 */,
				831FF5DA205BF1720005C18E /* Products */,
				831FF5EE205BF71F0005C18E /* Frameworks */,
			);
			sourceTree = "<group>";
		};
		831FF5DA205BF1720005C18E /* Products */ = {
			isa = PBXGroup;
			children = (
				831FF5D9205BF1720005C18E /* Workshop 4.app */,
			);
			name = Products;
			sourceTree = "<group>";
		};
		831FF5DB205BF1720005C18E /* Workshop 4 */ = {
			isa = PBXGroup;
			children = (
				831FF5DC205BF1720005C18E /* AppDelegate.swift */,
				831FF5DE205BF1720005C18E /* ViewController.swift */,
				831FF5E0205BF1720005C18E /* Main.storyboard */,
				831FF5E3205BF1720005C18E /* Assets.xcassets */,
				831FF5E5205BF1720005C18E /* LaunchScreen.storyboard */,
				831FF5E8205BF1720005C18E /* Info.plist */,
			);
			path = "Workshop 4";
			sourceTree = "<group>";
		};
		831FF5EE205BF71F0005C18E /* Frameworks */ = {
			isa = PBXGroup;
			children = (
				831FF5EF205BF71F0005C18E /* MapKit.framework */,
			);
			name = Frameworks;
			sourceTree = "<group>";
		};
/* End PBXGroup section */

/* Begin PBXNativeTarget section */
		831FF5D8205BF1720005C18E /* Workshop 4 */ = {
			isa = PBXNativeTarget;
			buildConfigurationList = 831FF5EB205BF1720005C18E /* Build configuration list for PBXNativeTarget "Workshop 4" */;
			buildPhases = (
				831FF5D5205BF1720005C18E /* Sources */,
				831FF5D6205BF1720005C18E /* Frameworks */,
				831FF5D7205BF1720005C18E /* Resources */,
			);
			buildRules = (
			);
			dependencies = (
			);
			name = "Workshop 4";
			productName = "Workshop 4";
			productReference = 831FF5D9205BF1720005C18E /* Workshop 4.app */;
			productType = "com.apple.product-type.application";
		};
/* End PBXNativeTarget section */

/* Begin PBXProject section */
		831FF5D1205BF1720005C18E /* Project object */ = {
			isa = PBXProject;
			attributes = {
				LastSwiftUpdateCheck = 0920;
				LastUpgradeCheck = 0920;
				ORGANIZATIONNAME = issd;
				TargetAttributes = {
					831FF5D8205BF1720005C18E = {
						CreatedOnToolsVersion = 9.2;
						ProvisioningStyle = Automatic;
						SystemCapabilities = {
							com.apple.Maps.iOS = {
								enabled = 1;
							};
						};
					};
				};
			};
			buildConfigurationList = 831FF5D4205BF1720005C18E /* Build configuration list for PBXProject "Workshop 4" */;
			compatibilityVersion = "Xcode 8.0";
			developmentRegion = en;
			hasScannedForEncodings = 0;
			knownRegions = (
				en,
				Base,
			);
			mainGroup = 831FF5D0205BF1720005C18E;
			productRefGroup = 831FF5DA205BF1720005C18E /* Products */;
			projectDirPath = "";
			projectRoot = "";
			targets = (
				831FF5D8205BF1720005C18E /* Workshop 4 */,
			);
		};
/* End PBXProject section */

/* Begin PBXResourcesBuildPhase section */
		831FF5D7205BF1720005C18E /* Resources */ = {
			isa = PBXResourcesBuildPhase;
			buildActionMask = 2147483647;
			files = (
				831FF5E7205BF1720005C18E /* LaunchScreen.storyboard in Resources */,
				831FF5E4205BF1720005C18E /* Assets.xcassets in Resources */,
				831FF5E2205BF1720005C18E /* Main.storyboard in Resources */,
			);
			runOnlyForDeploymentPostprocessing = 0;
		};
/* End PBXResourcesBuildPhase section */

/* Begin PBXSourcesBuildPhase section */
		831FF5D5205BF1720005C18E /* Sources */ = {
			isa = PBXSourcesBuildPhase;
			buildActionMask = 2147483647;
			files = (
				831FF5DF205BF1720005C18E /* ViewController.swift in Sources */,
				831FF5DD205BF1720005C18E /* AppDelegate.swift in Sources */,
			);
			runOnlyForDeploymentPostprocessing = 0;
		};
/* End PBXSourcesBuildPhase section */

/* Begin PBXVariantGroup section */
		831FF5E0205BF1720005C18E /* Main.storyboard */ = {
			isa = PBXVariantGroup;
			children = (
				831FF5E1205BF1720005C18E /* Base */,
			);
			name = Main.storyboard;
			sourceTree = "<group>";
		};
		831FF5E5205BF1720005C18E /* LaunchScreen.storyboard */ = {
			isa = PBXVariantGroup;
			children = (
				831FF5E6205BF1720005C18E /* Base */,
			);
			name = LaunchScreen.storyboard;
			sourceTree = "<group>";
		};
/* End PBXVariantGroup section */

/* Begin XCBuildConfiguration section */
		831FF5E9205BF1720005C18E /* Debug */ = {
			isa = XCBuildConfiguration;
			buildSettings = {
				ALWAYS_SEARCH_USER_PATHS = NO;
				CLANG_ANALYZER_NONNULL = YES;
				CLANG_ANALYZER_NUMBER_OBJECT_CONVERSION = YES_AGGRESSIVE;
				CLANG_CXX_LANGUAGE_STANDARD = "gnu++14";
				CLANG_CXX_LIBRARY = "libc++";
				CLANG_ENABLE_MODULES = YES;
				CLANG_ENABLE_OBJC_ARC = YES;
				CLANG_WARN_BLOCK_CAPTURE_AUTORELEASING = YES;
				CLANG_WARN_BOOL_CONVERSION = YES;
				CLANG_WARN_COMMA = YES;
				CLANG_WARN_CONSTANT_CONVERSION = YES;
				CLANG_WARN_DIRECT_OBJC_ISA_USAGE = YES_ERROR;
				CLANG_WARN_DOCUMENTATION_COMMENTS = YES;
				CLANG_WARN_EMPTY_BODY = YES;
				CLANG_WARN_ENUM_CONVERSION = YES;
				CLANG_WARN_INFINITE_RECURSION = YES;
				CLANG_WARN_INT_CONVERSION = YES;
				CLANG_WARN_NON_LITERAL_NULL_CONVERSION = YES;
				CLANG_WARN_OBJC_LITERAL_CONVERSION = YES;
				CLANG_WARN_OBJC_ROOT_CLASS = YES_ERROR;
				CLANG_WARN_RANGE_LOOP_ANALYSIS = YES;
				CLANG_WARN_STRICT_PROTOTYPES = YES;
				CLANG_WARN_SUSPICIOUS_MOVE = YES;
				CLANG_WARN_UNGUARDED_AVAILABILITY = YES_AGGRESSIVE;
				CLANG_WARN_UNREACHABLE_CODE = YES;
				CLANG_WARN__DUPLICATE_METHOD_MATCH = YES;
				CODE_SIGN_IDENTITY = "iPhone Developer";
				COPY_PHASE_STRIP = NO;
				DEBUG_INFORMATION_FORMAT = dwarf;
				ENABLE_STRICT_OBJC_MSGSEND = YES;
				ENABLE_TESTABILITY = YES;
				GCC_C_LANGUAGE_STANDARD = gnu11;
				GCC_DYNAMIC_NO_PIC = NO;
				GCC_NO_COMMON_BLOCKS = YES;
				GCC_OPTIMIZATION_LEVEL = 0;
				GCC_PREPROCESSOR_DEFINITIONS = (
					"DEBUG=1",
					"$(inherited)",
				);
				GCC_WARN_64_TO_32_BIT_CONVERSION = YES;
				GCC_WARN_ABOUT_RETURN_TYPE = YES_ERROR;
				GCC_WARN_UNDECLARED_SELECTOR = YES;
				GCC_WARN_UNINITIALIZED_AUTOS = YES_AGGRESSIVE;
				GCC_WARN_UNUSED_FUNCTION = YES;
				GCC_WARN_UNUSED_VARIABLE = YES;
				IPHONEOS_DEPLOYMENT_TARGET = 11.2;
				MTL_ENABLE_DEBUG_INFO = YES;
				ONLY_ACTIVE_ARCH = YES;
				SDKROOT = iphoneos;
				SWIFT_ACTIVE_COMPILATION_CONDITIONS = DEBUG;
				SWIFT_OPTIMIZATION_LEVEL = "-Onone";
			};
			name = Debug;
		};
		831FF5EA205BF1720005C18E /* Release */ = {
			isa = XCBuildConfiguration;
			buildSettings = {
				ALWAYS_SEARCH_USER_PATHS = NO;
				CLANG_ANALYZER_NONNULL = YES;
				CLANG_ANALYZER_NUMBER_OBJECT_CONVERSION = YES_AGGRESSIVE;
				CLANG_CXX_LANGUAGE_STANDARD = "gnu++14";
				CLANG_CXX_LIBRARY = "libc++";
				CLANG_ENABLE_MODULES = YES;
				CLANG_ENABLE_OBJC_ARC = YES;
				CLANG_WARN_BLOCK_CAPTURE_AUTORELEASING = YES;
				CLANG_WARN_BOOL_CONVERSION = YES;
				CLANG_WARN_COMMA = YES;
				CLANG_WARN_CONSTANT_CONVERSION = YES;
				CLANG_WARN_DIRECT_OBJC_ISA_USAGE = YES_ERROR;
				CLANG_WARN_DOCUMENTATION_COMMENTS = YES;
				CLANG_WARN_EMPTY_BODY = YES;
				CLANG_WARN_ENUM_CONVERSION = YES;
				CLANG_WARN_INFINITE_RECURSION = YES;
				CLANG_WARN_INT_CONVERSION = YES;
				CLANG_WARN_NON_LITERAL_NULL_CONVERSION = YES;
				CLANG_WARN_OBJC_LITERAL_CONVERSION = YES;
				CLANG_WARN_OBJC_ROOT_CLASS = YES_ERROR;
				CLANG_WARN_RANGE_LOOP_ANALYSIS = YES;
				CLANG_WARN_STRICT_PROTOTYPES = YES;
				CLANG_WARN_SUSPICIOUS_MOVE = YES;
				CLANG_WARN_UNGUARDED_AVAILABILITY = YES_AGGRESSIVE;
				CLANG_WARN_UNREACHABLE_CODE = YES;
				CLANG_WARN__DUPLICATE_METHOD_MATCH = YES;
				CODE_SIGN_IDENTITY = "iPhone Developer";
				COPY_PHASE_STRIP = NO;
				DEBUG_INFORMATION_FORMAT = "dwarf-with-dsym";
				ENABLE_NS_ASSERTIONS = NO;
				ENABLE_STRICT_OBJC_MSGSEND = YES;
				GCC_C_LANGUAGE_STANDARD = gnu11;
				GCC_NO_COMMON_BLOCKS = YES;
				GCC_WARN_64_TO_32_BIT_CONVERSION = YES;
				GCC_WARN_ABOUT_RETURN_TYPE = YES_ERROR;
				GCC_WARN_UNDECLARED_SELECTOR = YES;
				GCC_WARN_UNINITIALIZED_AUTOS = YES_AGGRESSIVE;
				GCC_WARN_UNUSED_FUNCTION = YES;
				GCC_WARN_UNUSED_VARIABLE = YES;
				IPHONEOS_DEPLOYMENT_TARGET = 11.2;
				MTL_ENABLE_DEBUG_INFO = NO;
				SDKROOT = iphoneos;
				SWIFT_OPTIMIZATION_LEVEL = "-Owholemodule";
				VALIDATE_PRODUCT = YES;
			};
			name = Release;
		};
		831FF5EC205BF1720005C18E /* Debug */ = {
			isa = XCBuildConfiguration;
			buildSettings = {
				ASSETCATALOG_COMPILER_APPICON_NAME = AppIcon;
				CODE_SIGN_STYLE = Automatic;
				INFOPLIST_FILE = "Workshop 4/Info.plist";
				LD_RUNPATH_SEARCH_PATHS = "$(inherited) @executable_path/Frameworks";
				PRODUCT_BUNDLE_IDENTIFIER = "issd.Workshop-4";
				PRODUCT_NAME = "$(TARGET_NAME)";
				SWIFT_VERSION = 4.0;
				TARGETED_DEVICE_FAMILY = "1,2";
			};
			name = Debug;
		};
		831FF5ED205BF1720005C18E /* Release */ = {
			isa = XCBuildConfiguration;
			buildSettings = {
				ASSETCATALOG_COMPILER_APPICON_NAME = AppIcon;
				CODE_SIGN_STYLE = Automatic;
				INFOPLIST_FILE = "Workshop 4/Info.plist";
				LD_RUNPATH_SEARCH_PATHS = "$(inherited) @executable_path/Frameworks";
				PRODUCT_BUNDLE_IDENTIFIER = "issd.Workshop-4";
				PRODUCT_NAME = "$(TARGET_NAME)";
				SWIFT_VERSION = 4.0;
				TARGETED_DEVICE_FAMILY = "1,2";
			};
			name = Release;
		};
/* End XCBuildConfiguration section */

/* Begin XCConfigurationList section */
		831FF5D4205BF1720005C18E /* Build configuration list for PBXProject "Workshop 4" */ = {
			isa = XCConfigurationList;
			buildConfigurations = (
				831FF5E9205BF1720005C18E /* Debug */,
				831FF5EA205BF1720005C18E /* Release */,
			);
			defaultConfigurationIsVisible = 0;
			defaultConfigurationName = Release;
		};
		831FF5EB205BF1720005C18E /* Build configuration list for PBXNativeTarget "Workshop 4" */ = {
			isa = XCConfigurationList;
			buildConfigurations = (
				831FF5EC205BF1720005C18E /* Debug */,
				831FF5ED205BF1720005C18E /* Release */,
			);
			defaultConfigurationIsVisible = 0;
			defaultConfigurationName = Release;
		};
/* End XCConfigurationList section */
	};
	rootObject = 831FF5D1205BF1720005C18E /* Project object */;
}
